
Microsoft Visual Studio Solution File, Format Version 12.00
# Visual Studio Version 16
VisualStudioVersion = 16.0.30523.141
MinimumVisualStudioVersion = 10.0.40219.1
Project("{FAE04EC0-301F-11D3-BF4B-00C04F79EFBC}") = "API_GiangVien", "API_GiangVien\API_GiangVien.csproj", "{0A7A4CAA-EF5D-4F47-9D24-8B72CBF41EE8}"
EndProject
Global
	GlobalSection(SolutionConfigurationPlatforms) = preSolution
		Debug|Any CPU = Debug|Any CPU
		Release|Any CPU = Release|Any CPU
	EndGlobalSection
	GlobalSection(ProjectConfigurationPlatforms) = postSolution
		{0A7A4CAA-EF5D-4F47-9D24-8B72CBF41EE8}.Debug|Any CPU.ActiveCfg = Debug|Any CPU
		{0A7A4CAA-EF5D-4F47-9D24-8B72CBF41EE8}.Debug|Any CPU.Build.0 = Debug|Any CPU
		{0A7A4CAA-EF5D-4F47-9D24-8B72CBF41EE8}.Release|Any CPU.ActiveCfg = Release|Any CPU
		{0A7A4CAA-EF5D-4F47-9D24-8B72CBF41EE8}.Release|Any CPU.Build.0 = Release|Any CPU
	EndGlobalSection
	GlobalSection(SolutionProperties) = preSolution
		HideSolutionNode = FALSE
	EndGlobalSection
	GlobalSection(ExtensibilityGlobals) = postSolution
		SolutionGuid = {D7A7B2A0-1573-40CD-898F-317CA926EC55}
	EndGlobalSection
EndGlobal
